// !$*UTF8*$!
{
	archiveVersion = 1;
	classes = {
	};
	objectVersion = 46;
	objects = {

/* Begin PBXBuildFile section */
		6F569B0D1A2C65810000AB4D /* main.m in Sources */ = {isa = PBXBuildFile; fileRef = 6F569B0C1A2C65810000AB4D /* main.m */; };
		6F569B101A2C65810000AB4D /* AppDelegate.m in Sources */ = {isa = PBXBuildFile; fileRef = 6F569B0F1A2C65810000AB4D /* AppDelegate.m */; };
		6F569B1B1A2C65810000AB4D /* Images.xcassets in Resources */ = {isa = PBXBuildFile; fileRef = 6F569B1A1A2C65810000AB4D /* Images.xcassets */; };
		6F569B2A1A2C65810000AB4D /* VideoAppTests.m in Sources */ = {isa = PBXBuildFile; fileRef = 6F569B291A2C65810000AB4D /* VideoAppTests.m */; };
		6F569B501A2C661C0000AB4D /* LoginViewController.m in Sources */ = {isa = PBXBuildFile; fileRef = 6F569B361A2C661C0000AB4D /* LoginViewController.m */; };
		6F569B521A2C661C0000AB4D /* DetailViewController.m in Sources */ = {isa = PBXBuildFile; fileRef = 6F569B3B1A2C661C0000AB4D /* DetailViewController.m */; };
		6F569B531A2C661C0000AB4D /* SubViewController.m in Sources */ = {isa = PBXBuildFile; fileRef = 6F569B3D1A2C661C0000AB4D /* SubViewController.m */; };
		6F569B541A2C661C0000AB4D /* TopViewController.m in Sources */ = {isa = PBXBuildFile; fileRef = 6F569B3F1A2C661C0000AB4D /* TopViewController.m */; };
		6F569B551A2C661C0000AB4D /* sample.xml in Resources */ = {isa = PBXBuildFile; fileRef = 6F569B411A2C661C0000AB4D /* sample.xml */; };
		6F569B561A2C661C0000AB4D /* stream_server.cer in Resources */ = {isa = PBXBuildFile; fileRef = 6F569B421A2C661C0000AB4D /* stream_server.cer */; };
		6F569B571A2C661C0000AB4D /* CatalogTableViewCell.m in Sources */ = {isa = PBXBuildFile; fileRef = 6F569B451A2C661C0000AB4D /* CatalogTableViewCell.m */; };
		6F569B581A2C661C0000AB4D /* ItemTableViewCell.m in Sources */ = {isa = PBXBuildFile; fileRef = 6F569B471A2C661C0000AB4D /* ItemTableViewCell.m */; };
		6F569B591A2C661C0000AB4D /* NetManager.m in Sources */ = {isa = PBXBuildFile; fileRef = 6F569B4A1A2C661C0000AB4D /* NetManager.m */; };
		6F569B5A1A2C661C0000AB4D /* XMLReader.m in Sources */ = {isa = PBXBuildFile; fileRef = 6F569B4C1A2C661C0000AB4D /* XMLReader.m */; };
		6F569B5B1A2C661C0000AB4D /* PlayerViewController.m in Sources */ = {isa = PBXBuildFile; fileRef = 6F569B4F1A2C661C0000AB4D /* PlayerViewController.m */; };
/* End PBXBuildFile section */

/* Begin PBXContainerItemProxy section */
		6F569B241A2C65810000AB4D /* PBXContainerItemProxy */ = {
			isa = PBXContainerItemProxy;
			containerPortal = 6F569AFF1A2C65810000AB4D /* Project object */;
			proxyType = 1;
			remoteGlobalIDString = 6F569B061A2C65810000AB4D;
			remoteInfo = VideoApp;
		};
/* End PBXContainerItemProxy section */

/* Begin PBXFileReference section */
		6F569B071A2C65810000AB4D /* VideoApp.app */ = {isa = PBXFileReference; explicitFileType = wrapper.application; includeInIndex = 0; path = VideoApp.app; sourceTree = BUILT_PRODUCTS_DIR; };
		6F569B0B1A2C65810000AB4D /* Info.plist */ = {isa = PBXFileReference; lastKnownFileType = text.plist.xml; path = Info.plist; sourceTree = "<group>"; };
		6F569B0C1A2C65810000AB4D /* main.m */ = {isa = PBXFileReference; lastKnownFileType = sourcecode.c.objc; path = main.m; sourceTree = "<group>"; };
		6F569B0E1A2C65810000AB4D /* AppDelegate.h */ = {isa = PBXFileReference; lastKnownFileType = sourcecode.c.h; path = AppDelegate.h; sourceTree = "<group>"; };
		6F569B0F1A2C65810000AB4D /* AppDelegate.m */ = {isa = PBXFileReference; lastKnownFileType = sourcecode.c.objc; path = AppDelegate.m; sourceTree = "<group>"; };
		6F569B181A2C65810000AB4D /* Base */ = {isa = PBXFileReference; lastKnownFileType = file.storyboard; name = Base; path = Base.lproj/Main.storyboard; sourceTree = "<group>"; };
		6F569B1A1A2C65810000AB4D /* Images.xcassets */ = {isa = PBXFileReference; lastKnownFileType = folder.assetcatalog; path = Images.xcassets; sourceTree = "<group>"; };
		6F569B1D1A2C65810000AB4D /* Base */ = {isa = PBXFileReference; lastKnownFileType = file.xib; name = Base; path = Base.lproj/LaunchScreen.xib; sourceTree = "<group>"; };
		6F569B231A2C65810000AB4D /* VideoAppTests.xctest */ = {isa = PBXFileReference; explicitFileType = wrapper.cfbundle; includeInIndex = 0; path = VideoAppTests.xctest; sourceTree = BUILT_PRODUCTS_DIR; };
		6F569B281A2C65810000AB4D /* Info.plist */ = {isa = PBXFileReference; lastKnownFileType = text.plist.xml; path = Info.plist; sourceTree = "<group>"; };
		6F569B291A2C65810000AB4D /* VideoAppTests.m */ = {isa = PBXFileReference; lastKnownFileType = sourcecode.c.objc; path = VideoAppTests.m; sourceTree = "<group>"; };
		6F569B331A2C661C0000AB4D /* Constants.h */ = {isa = PBXFileReference; fileEncoding = 4; lastKnownFileType = sourcecode.c.h; path = Constants.h; sourceTree = "<group>"; };
		6F569B351A2C661C0000AB4D /* LoginViewController.h */ = {isa = PBXFileReference; fileEncoding = 4; lastKnownFileType = sourcecode.c.h; path = LoginViewController.h; sourceTree = "<group>"; };
		6F569B361A2C661C0000AB4D /* LoginViewController.m */ = {isa = PBXFileReference; fileEncoding = 4; lastKnownFileType = sourcecode.c.objc; path = LoginViewController.m; sourceTree = "<group>"; };
		6F569B3A1A2C661C0000AB4D /* DetailViewController.h */ = {isa = PBXFileReference; fileEncoding = 4; lastKnownFileType = sourcecode.c.h; path = DetailViewController.h; sourceTree = "<group>"; };
		6F569B3B1A2C661C0000AB4D /* DetailViewController.m */ = {isa = PBXFileReference; fileEncoding = 4; lastKnownFileType = sourcecode.c.objc; path = DetailViewController.m; sourceTree = "<group>"; };
		6F569B3C1A2C661C0000AB4D /* SubViewController.h */ = {isa = PBXFileReference; fileEncoding = 4; lastKnownFileType = sourcecode.c.h; path = SubViewController.h; sourceTree = "<group>"; };
		6F569B3D1A2C661C0000AB4D /* SubViewController.m */ = {isa = PBXFileReference; fileEncoding = 4; lastKnownFileType = sourcecode.c.objc; path = SubViewController.m; sourceTree = "<group>"; };
		6F569B3E1A2C661C0000AB4D /* TopViewController.h */ = {isa = PBXFileReference; fileEncoding = 4; lastKnownFileType = sourcecode.c.h; path = TopViewController.h; sourceTree = "<group>"; };
		6F569B3F1A2C661C0000AB4D /* TopViewController.m */ = {isa = PBXFileReference; fileEncoding = 4; lastKnownFileType = sourcecode.c.objc; path = TopViewController.m; sourceTree = "<group>"; };
		6F569B411A2C661C0000AB4D /* sample.xml */ = {isa = PBXFileReference; fileEncoding = 4; lastKnownFileType = text.xml; path = sample.xml; sourceTree = "<group>"; };
		6F569B421A2C661C0000AB4D /* stream_server.cer */ = {isa = PBXFileReference; lastKnownFileType = file; path = stream_server.cer; sourceTree = "<group>"; };
		6F569B441A2C661C0000AB4D /* CatalogTableViewCell.h */ = {isa = PBXFileReference; fileEncoding = 4; lastKnownFileType = sourcecode.c.h; path = CatalogTableViewCell.h; sourceTree = "<group>"; };
		6F569B451A2C661C0000AB4D /* CatalogTableViewCell.m */ = {isa = PBXFileReference; fileEncoding = 4; lastKnownFileType = sourcecode.c.objc; path = CatalogTableViewCell.m; sourceTree = "<group>"; };
		6F569B461A2C661C0000AB4D /* ItemTableViewCell.h */ = {isa = PBXFileReference; fileEncoding = 4; lastKnownFileType = sourcecode.c.h; path = ItemTableViewCell.h; sourceTree = "<group>"; };
		6F569B471A2C661C0000AB4D /* ItemTableViewCell.m */ = {isa = PBXFileReference; fileEncoding = 4; lastKnownFileType = sourcecode.c.objc; path = ItemTableViewCell.m; sourceTree = "<group>"; };
		6F569B491A2C661C0000AB4D /* NetManager.h */ = {isa = PBXFileReference; fileEncoding = 4; lastKnownFileType = sourcecode.c.h; path = NetManager.h; sourceTree = "<group>"; };
		6F569B4A1A2C661C0000AB4D /* NetManager.m */ = {isa = PBXFileReference; fileEncoding = 4; lastKnownFileType = sourcecode.c.objc; path = NetManager.m; sourceTree = "<group>"; };
		6F569B4B1A2C661C0000AB4D /* XMLReader.h */ = {isa = PBXFileReference; fileEncoding = 4; lastKnownFileType = sourcecode.c.h; path = XMLReader.h; sourceTree = "<group>"; };
		6F569B4C1A2C661C0000AB4D /* XMLReader.m */ = {isa = PBXFileReference; fileEncoding = 4; lastKnownFileType = sourcecode.c.objc; path = XMLReader.m; sourceTree = "<group>"; };
		6F569B4E1A2C661C0000AB4D /* PlayerViewController.h */ = {isa = PBXFileReference; fileEncoding = 4; lastKnownFileType = sourcecode.c.h; path = PlayerViewController.h; sourceTree = "<group>"; };
		6F569B4F1A2C661C0000AB4D /* PlayerViewController.m */ = {isa = PBXFileReference; fileEncoding = 4; lastKnownFileType = sourcecode.c.objc; path = PlayerViewController.m; sourceTree = "<group>"; };
/* End PBXFileReference section */

/* Begin PBXFrameworksBuildPhase section */
		6F569B041A2C65810000AB4D /* Frameworks */ = {
			isa = PBXFrameworksBuildPhase;
			buildActionMask = 2147483647;
			files = (
			);
			runOnlyForDeploymentPostprocessing = 0;
		};
		6F569B201A2C65810000AB4D /* Frameworks */ = {
			isa = PBXFrameworksBuildPhase;
			buildActionMask = 2147483647;
			files = (
			);
			runOnlyForDeploymentPostprocessing = 0;
		};
/* End PBXFrameworksBuildPhase section */

/* Begin PBXGroup section */
		6F569AFE1A2C65810000AB4D = {
			isa = PBXGroup;
			children = (
				6F569B091A2C65810000AB4D /* VideoApp */,
				6F569B261A2C65810000AB4D /* VideoAppTests */,
				6F569B081A2C65810000AB4D /* Products */,
			);
			sourceTree = "<group>";
		};
		6F569B081A2C65810000AB4D /* Products */ = {
			isa = PBXGroup;
			children = (
				6F569B071A2C65810000AB4D /* VideoApp.app */,
				6F569B231A2C65810000AB4D /* VideoAppTests.xctest */,
			);
			name = Products;
			sourceTree = "<group>";
		};
		6F569B091A2C65810000AB4D /* VideoApp */ = {
			isa = PBXGroup;
			children = (
				6F569B4D1A2C661C0000AB4D /* VideoPlayer */,
				6F569B391A2C661C0000AB4D /* MainTableViews */,
				6F569B341A2C661C0000AB4D /* FunctionViews */,
				6F569B431A2C661C0000AB4D /* TableCells */,
				6F569B481A2C661C0000AB4D /* Utilities */,
				6F569B401A2C661C0000AB4D /* Resource */,
				6F569B331A2C661C0000AB4D /* Constants.h */,
				6F569B0E1A2C65810000AB4D /* AppDelegate.h */,
				6F569B0F1A2C65810000AB4D /* AppDelegate.m */,
				6F569B171A2C65810000AB4D /* Main.storyboard */,
				6F569B1C1A2C65810000AB4D /* LaunchScreen.xib */,
				6F569B1A1A2C65810000AB4D /* Images.xcassets */,
				6F569B0A1A2C65810000AB4D /* Supporting Files */,
			);
			path = VideoApp;
			sourceTree = "<group>";
		};
		6F569B0A1A2C65810000AB4D /* Supporting Files */ = {
			isa = PBXGroup;
			children = (
				6F569B0B1A2C65810000AB4D /* Info.plist */,
				6F569B0C1A2C65810000AB4D /* main.m */,
			);
			name = "Supporting Files";
			sourceTree = "<group>";
		};
		6F569B261A2C65810000AB4D /* VideoAppTests */ = {
			isa = PBXGroup;
			children = (
				6F569B291A2C65810000AB4D /* VideoAppTests.m */,
				6F569B271A2C65810000AB4D /* Supporting Files */,
			);
			path = VideoAppTests;
			sourceTree = "<group>";
		};
		6F569B271A2C65810000AB4D /* Supporting Files */ = {
			isa = PBXGroup;
			children = (
				6F569B281A2C65810000AB4D /* Info.plist */,
			);
			name = "Supporting Files";
			sourceTree = "<group>";
		};
		6F569B341A2C661C0000AB4D /* FunctionViews */ = {
			isa = PBXGroup;
			children = (
				6F569B351A2C661C0000AB4D /* LoginViewController.h */,
				6F569B361A2C661C0000AB4D /* LoginViewController.m */,
			);
			path = FunctionViews;
			sourceTree = "<group>";
		};
		6F569B391A2C661C0000AB4D /* MainTableViews */ = {
			isa = PBXGroup;
			children = (
				6F569B3E1A2C661C0000AB4D /* TopViewController.h */,
				6F569B3F1A2C661C0000AB4D /* TopViewController.m */,
				6F569B3C1A2C661C0000AB4D /* SubViewController.h */,
				6F569B3D1A2C661C0000AB4D /* SubViewController.m */,
				6F569B3A1A2C661C0000AB4D /* DetailViewController.h */,
				6F569B3B1A2C661C0000AB4D /* DetailViewController.m */,
			);
			path = MainTableViews;
			sourceTree = "<group>";
		};
		6F569B401A2C661C0000AB4D /* Resource */ = {
			isa = PBXGroup;
			children = (
				6F569B411A2C661C0000AB4D /* sample.xml */,
				6F569B421A2C661C0000AB4D /* stream_server.cer */,
			);
			path = Resource;
			sourceTree = "<group>";
		};
		6F569B431A2C661C0000AB4D /* TableCells */ = {
			isa = PBXGroup;
			children = (
				6F569B441A2C661C0000AB4D /* CatalogTableViewCell.h */,
				6F569B451A2C661C0000AB4D /* CatalogTableViewCell.m */,
				6F569B461A2C661C0000AB4D /* ItemTableViewCell.h */,
				6F569B471A2C661C0000AB4D /* ItemTableViewCell.m */,
			);
			path = TableCells;
			sourceTree = "<group>";
		};
		6F569B481A2C661C0000AB4D /* Utilities */ = {
			isa = PBXGroup;
			children = (
				6F569B491A2C661C0000AB4D /* NetManager.h */,
				6F569B4A1A2C661C0000AB4D /* NetManager.m */,
				6F569B4B1A2C661C0000AB4D /* XMLReader.h */,
				6F569B4C1A2C661C0000AB4D /* XMLReader.m */,
			);
			path = Utilities;
			sourceTree = "<group>";
		};
		6F569B4D1A2C661C0000AB4D /* VideoPlayer */ = {
			isa = PBXGroup;
			children = (
				6F569B4E1A2C661C0000AB4D /* PlayerViewController.h */,
				6F569B4F1A2C661C0000AB4D /* PlayerViewController.m */,
			);
			path = VideoPlayer;
			sourceTree = "<group>";
		};
/* End PBXGroup section */

/* Begin PBXNativeTarget section */
		6F569B061A2C65810000AB4D /* VideoApp */ = {
			isa = PBXNativeTarget;
			buildConfigurationList = 6F569B2D1A2C65810000AB4D /* Build configuration list for PBXNativeTarget "VideoApp" */;
			buildPhases = (
				6F569B031A2C65810000AB4D /* Sources */,
				6F569B041A2C65810000AB4D /* Frameworks */,
				6F569B051A2C65810000AB4D /* Resources */,
			);
			buildRules = (
			);
			dependencies = (
			);
			name = VideoApp;
			productName = VideoApp;
			productReference = 6F569B071A2C65810000AB4D /* VideoApp.app */;
			productType = "com.apple.product-type.application";
		};
		6F569B221A2C65810000AB4D /* VideoAppTests */ = {
			isa = PBXNativeTarget;
			buildConfigurationList = 6F569B301A2C65810000AB4D /* Build configuration list for PBXNativeTarget "VideoAppTests" */;
			buildPhases = (
				6F569B1F1A2C65810000AB4D /* Sources */,
				6F569B201A2C65810000AB4D /* Frameworks */,
				6F569B211A2C65810000AB4D /* Resources */,
			);
			buildRules = (
			);
			dependencies = (
				6F569B251A2C65810000AB4D /* PBXTargetDependency */,
			);
			name = VideoAppTests;
			productName = VideoAppTests;
			productReference = 6F569B231A2C65810000AB4D /* VideoAppTests.xctest */;
			productType = "com.apple.product-type.bundle.unit-test";
		};
/* End PBXNativeTarget section */

/* Begin PBXProject section */
		6F569AFF1A2C65810000AB4D /* Project object */ = {
			isa = PBXProject;
			attributes = {
				LastUpgradeCheck = 0610;
				ORGANIZATIONNAME = Young;
				TargetAttributes = {
					6F569B061A2C65810000AB4D = {
						CreatedOnToolsVersion = 6.1;
					};
					6F569B221A2C65810000AB4D = {
						CreatedOnToolsVersion = 6.1;
						TestTargetID = 6F569B061A2C65810000AB4D;
					};
				};
			};
			buildConfigurationList = 6F569B021A2C65810000AB4D /* Build configuration list for PBXProject "VideoApp" */;
			compatibilityVersion = "Xcode 3.2";
			developmentRegion = English;
			hasScannedForEncodings = 0;
			knownRegions = (
				en,
				Base,
			);
			mainGroup = 6F569AFE1A2C65810000AB4D;
			productRefGroup = 6F569B081A2C65810000AB4D /* Products */;
			projectDirPath = "";
			projectRoot = "";
			targets = (
				6F569B061A2C65810000AB4D /* VideoApp */,
				6F569B221A2C65810000AB4D /* VideoAppTests */,
			);
		};
/* End PBXProject section */

/* Begin PBXResourcesBuildPhase section */
		6F569B051A2C65810000AB4D /* Resources */ = {
			isa = PBXResourcesBuildPhase;
			buildActionMask = 2147483647;
			files = (
				6F569B561A2C661C0000AB4D /* stream_server.cer in Resources */,
				6F569B1B1A2C65810000AB4D /* Images.xcassets in Resources */,
				6F569B551A2C661C0000AB4D /* sample.xml in Resources */,
			);
			runOnlyForDeploymentPostprocessing = 0;
		};
		6F569B211A2C65810000AB4D /* Resources */ = {
			isa = PBXResourcesBuildPhase;
			buildActionMask = 2147483647;
			files = (
			);
			runOnlyForDeploymentPostprocessing = 0;
		};
/* End PBXResourcesBuildPhase section */

/* Begin PBXSourcesBuildPhase section */
		6F569B031A2C65810000AB4D /* Sources */ = {
			isa = PBXSourcesBuildPhase;
			buildActionMask = 2147483647;
			files = (
				6F569B581A2C661C0000AB4D /* ItemTableViewCell.m in Sources */,
				6F569B591A2C661C0000AB4D /* NetManager.m in Sources */,
				6F569B521A2C661C0000AB4D /* DetailViewController.m in Sources */,
				6F569B101A2C65810000AB4D /* AppDelegate.m in Sources */,
				6F569B5B1A2C661C0000AB4D /* PlayerViewController.m in Sources */,
				6F569B541A2C661C0000AB4D /* TopViewController.m in Sources */,
				6F569B5A1A2C661C0000AB4D /* XMLReader.m in Sources */,
				6F569B531A2C661C0000AB4D /* SubViewController.m in Sources */,
				6F569B0D1A2C65810000AB4D /* main.m in Sources */,
				6F569B501A2C661C0000AB4D /* LoginViewController.m in Sources */,
				6F569B571A2C661C0000AB4D /* CatalogTableViewCell.m in Sources */,
			);
			runOnlyForDeploymentPostprocessing = 0;
		};
		6F569B1F1A2C65810000AB4D /* Sources */ = {
			isa = PBXSourcesBuildPhase;
			buildActionMask = 2147483647;
			files = (
				6F569B2A1A2C65810000AB4D /* VideoAppTests.m in Sources */,
			);
			runOnlyForDeploymentPostprocessing = 0;
		};
/* End PBXSourcesBuildPhase section */

/* Begin PBXTargetDependency section */
		6F569B251A2C65810000AB4D /* PBXTargetDependency */ = {
			isa = PBXTargetDependency;
			target = 6F569B061A2C65810000AB4D /* VideoApp */;
			targetProxy = 6F569B241A2C65810000AB4D /* PBXContainerItemProxy */;
		};
/* End PBXTargetDependency section */

/* Begin PBXVariantGroup section */
		6F569B171A2C65810000AB4D /* Main.storyboard */ = {
			isa = PBXVariantGroup;
			children = (
				6F569B181A2C65810000AB4D /* Base */,
			);
			name = Main.storyboard;
			sourceTree = "<group>";
		};
		6F569B1C1A2C65810000AB4D /* LaunchScreen.xib */ = {
			isa = PBXVariantGroup;
			children = (
				6F569B1D1A2C65810000AB4D /* Base */,
			);
			name = LaunchScreen.xib;
			sourceTree = "<group>";
		};
/* End PBXVariantGroup section */

/* Begin XCBuildConfiguration section */
		6F569B2B1A2C65810000AB4D /* Debug */ = {
			isa = XCBuildConfiguration;
			buildSettings = {
				ALWAYS_SEARCH_USER_PATHS = NO;
				CLANG_CXX_LANGUAGE_STANDARD = "gnu++0x";
				CLANG_CXX_LIBRARY = "libc++";
				CLANG_ENABLE_MODULES = YES;
				CLANG_ENABLE_OBJC_ARC = YES;
				CLANG_WARN_BOOL_CONVERSION = YES;
				CLANG_WARN_CONSTANT_CONVERSION = YES;
				CLANG_WARN_DIRECT_OBJC_ISA_USAGE = YES_ERROR;
				CLANG_WARN_EMPTY_BODY = YES;
				CLANG_WARN_ENUM_CONVERSION = YES;
				CLANG_WARN_INT_CONVERSION = YES;
				CLANG_WARN_OBJC_ROOT_CLASS = YES_ERROR;
				CLANG_WARN_UNREACHABLE_CODE = YES;
				CLANG_WARN__DUPLICATE_METHOD_MATCH = YES;
				"CODE_SIGN_IDENTITY[sdk=iphoneos*]" = "iPhone Developer";
				COPY_PHASE_STRIP = NO;
				ENABLE_STRICT_OBJC_MSGSEND = YES;
				GCC_C_LANGUAGE_STANDARD = gnu99;
				GCC_DYNAMIC_NO_PIC = NO;
				GCC_OPTIMIZATION_LEVEL = 0;
				GCC_PREPROCESSOR_DEFINITIONS = (
					"DEBUG=1",
					"$(inherited)",
				);
				GCC_SYMBOLS_PRIVATE_EXTERN = NO;
				GCC_WARN_64_TO_32_BIT_CONVERSION = YES;
				GCC_WARN_ABOUT_RETURN_TYPE = YES_ERROR;
				GCC_WARN_UNDECLARED_SELECTOR = YES;
				GCC_WARN_UNINITIALIZED_AUTOS = YES_AGGRESSIVE;
				GCC_WARN_UNUSED_FUNCTION = YES;
				GCC_WARN_UNUSED_VARIABLE = YES;
				IPHONEOS_DEPLOYMENT_TARGET = 8.1;
				MTL_ENABLE_DEBUG_INFO = YES;
				ONLY_ACTIVE_ARCH = YES;
				SDKROOT = iphoneos;
				TARGETED_DEVICE_FAMILY = "1,2";
			};
			name = Debug;
		};
		6F569B2C1A2C65810000AB4D /* Release */ = {
			isa = XCBuildConfiguration;
			buildSettings = {
				ALWAYS_SEARCH_USER_PATHS = NO;
				CLANG_CXX_LANGUAGE_STANDARD = "gnu++0x";
				CLANG_CXX_LIBRARY = "libc++";
				CLANG_ENABLE_MODULES = YES;
				CLANG_ENABLE_OBJC_ARC = YES;
				CLANG_WARN_BOOL_CONVERSION = YES;
				CLANG_WARN_CONSTANT_CONVERSION = YES;
				CLANG_WARN_DIRECT_OBJC_ISA_USAGE = YES_ERROR;
				CLANG_WARN_EMPTY_BODY = YES;
				CLANG_WARN_ENUM_CONVERSION = YES;
				CLANG_WARN_INT_CONVERSION = YES;
				CLANG_WARN_OBJC_ROOT_CLASS = YES_ERROR;
				CLANG_WARN_UNREACHABLE_CODE = YES;
				CLANG_WARN__DUPLICATE_METHOD_MATCH = YES;
				"CODE_SIGN_IDENTITY[sdk=iphoneos*]" = "iPhone Developer";
				COPY_PHASE_STRIP = YES;
				ENABLE_NS_ASSERTIONS = NO;
				ENABLE_STRICT_OBJC_MSGSEND = YES;
				GCC_C_LANGUAGE_STANDARD = gnu99;
				GCC_WARN_64_TO_32_BIT_CONVERSION = YES;
				GCC_WARN_ABOUT_RETURN_TYPE = YES_ERROR;
				GCC_WARN_UNDECLARED_SELECTOR = YES;
				GCC_WARN_UNINITIALIZED_AUTOS = YES_AGGRESSIVE;
				GCC_WARN_UNUSED_FUNCTION = YES;
				GCC_WARN_UNUSED_VARIABLE = YES;
				IPHONEOS_DEPLOYMENT_TARGET = 8.1;
				MTL_ENABLE_DEBUG_INFO = NO;
				SDKROOT = iphoneos;
				TARGETED_DEVICE_FAMILY = "1,2";
				VALIDATE_PRODUCT = YES;
			};
			name = Release;
		};
		6F569B2E1A2C65810000AB4D /* Debug */ = {
			isa = XCBuildConfiguration;
			buildSettings = {
				ASSETCATALOG_COMPILER_APPICON_NAME = AppIcon;
				INFOPLIST_FILE = VideoApp/Info.plist;
				LD_RUNPATH_SEARCH_PATHS = "$(inherited) @executable_path/Frameworks";
				PRODUCT_NAME = "$(TARGET_NAME)";
			};
			name = Debug;
		};
		6F569B2F1A2C65810000AB4D /* Release */ = {
			isa = XCBuildConfiguration;
			buildSettings = {
				ASSETCATALOG_COMPILER_APPICON_NAME = AppIcon;
				INFOPLIST_FILE = VideoApp/Info.plist;
				LD_RUNPATH_SEARCH_PATHS = "$(inherited) @executable_path/Frameworks";
				PRODUCT_NAME = "$(TARGET_NAME)";
			};
			name = Release;
		};
		6F569B311A2C65810000AB4D /* Debug */ = {
			isa = XCBuildConfiguration;
			buildSettings = {
				BUNDLE_LOADER = "$(TEST_HOST)";
				FRAMEWORK_SEARCH_PATHS = (
					"$(SDKROOT)/Developer/Library/Frameworks",
					"$(inherited)",
				);
				GCC_PREPROCESSOR_DEFINITIONS = (
					"DEBUG=1",
					"$(inherited)",
				);
				INFOPLIST_FILE = VideoAppTests/Info.plist;
				LD_RUNPATH_SEARCH_PATHS = "$(inherited) @executable_path/Frameworks @loader_path/Frameworks";
				PRODUCT_NAME = "$(TARGET_NAME)";
				TEST_HOST = "$(BUILT_PRODUCTS_DIR)/VideoApp.app/VideoApp";
			};
			name = Debug;
		};
		6F569B321A2C65810000AB4D /* Release */ = {
			isa = XCBuildConfiguration;
			buildSettings = {
				BUNDLE_LOADER = "$(TEST_HOST)";
				FRAMEWORK_SEARCH_PATHS = (
					"$(SDKROOT)/Developer/Library/Frameworks",
					"$(inherited)",
				);
				INFOPLIST_FILE = VideoAppTests/Info.plist;
				LD_RUNPATH_SEARCH_PATHS = "$(inherited) @executable_path/Frameworks @loader_path/Frameworks";
				PRODUCT_NAME = "$(TARGET_NAME)";
				TEST_HOST = "$(BUILT_PRODUCTS_DIR)/VideoApp.app/VideoApp";
			};
			name = Release;
		};
/* End XCBuildConfiguration section */

/* Begin XCConfigurationList section */
		6F569B021A2C65810000AB4D /* Build configuration list for PBXProject "VideoApp" */ = {
			isa = XCConfigurationList;
			buildConfigurations = (
				6F569B2B1A2C65810000AB4D /* Debug */,
				6F569B2C1A2C65810000AB4D /* Release */,
			);
			defaultConfigurationIsVisible = 0;
			defaultConfigurationName = Release;
		};
		6F569B2D1A2C65810000AB4D /* Build configuration list for PBXNativeTarget "VideoApp" */ = {
			isa = XCConfigurationList;
			buildConfigurations = (
				6F569B2E1A2C65810000AB4D /* Debug */,
				6F569B2F1A2C65810000AB4D /* Release */,
			);
			defaultConfigurationIsVisible = 0;
			defaultConfigurationName = Release;
		};
		6F569B301A2C65810000AB4D /* Build configuration list for PBXNativeTarget "VideoAppTests" */ = {
			isa = XCConfigurationList;
			buildConfigurations = (
				6F569B311A2C65810000AB4D /* Debug */,
				6F569B321A2C65810000AB4D /* Release */,
			);
			defaultConfigurationIsVisible = 0;
			defaultConfigurationName = Release;
		};
/* End XCConfigurationList section */
	};
	rootObject = 6F569AFF1A2C65810000AB4D /* Project object */;
}
